
Microsoft Visual Studio Solution File, Format Version 12.00
# Visual Studio Version 16
VisualStudioVersion = 16.0.29204.9
MinimumVisualStudioVersion = 10.0.40219.1
Project("{FAE04EC0-301F-11D3-BF4B-00C04F79EFBC}") = "ClassLibrary1", "ClassLibrary1\ClassLibrary1.csproj", "{507BF036-C638-4A1B-8E49-64EB4AEB6467}"
EndProject
Project("{FAE04EC0-301F-11D3-BF4B-00C04F79EFBC}") = "ConsoleApp1", "ConsoleApp1\ConsoleApp1.csproj", "{44468B7A-7BF2-4986-8B59-6052767AB1D0}"
EndProject
Project("{9A19103F-16F7-4668-BE54-9A1E7A4F7556}") = "ConsoleApp0", "ConsoleApp0\ConsoleApp0.csproj", "{6712A10D-118A-4789-83F3-A074082DA46C}"
EndProject
Project("{9A19103F-16F7-4668-BE54-9A1E7A4F7556}") = "ConsoleApp2", "ConsoleApp2\ConsoleApp2.csproj", "{F3C853CD-93CA-4D5A-8C20-7C177A99A536}"
EndProject
Project("{9A19103F-16F7-4668-BE54-9A1E7A4F7556}") = "ConsoleApp3", "ConsoleApp3\ConsoleApp3.csproj", "{13284BD6-01A4-40B0-977B-06FC30D450EA}"
EndProject
Project("{9A19103F-16F7-4668-BE54-9A1E7A4F7556}") = "ConsoleApp4", "ConsoleApp4\ConsoleApp4.csproj", "{F6C26B29-832E-4EA1-B6F0-5DE988DA7EE5}"
EndProject
Project("{9A19103F-16F7-4668-BE54-9A1E7A4F7556}") = "ConsoleApp5", "ConsoleApp5\ConsoleApp5.csproj", "{DCC2C4F6-477B-49BF-9E64-8BDB30FCE919}"
EndProject
Project("{9A19103F-16F7-4668-BE54-9A1E7A4F7556}") = "ConsoleApp6", "ConsoleApp6\ConsoleApp6.csproj", "{5F655FB1-8F0E-4CA9-831B-5DAD8505EC27}"
EndProject
Project("{9A19103F-16F7-4668-BE54-9A1E7A4F7556}") = "ConsoleApp7", "ConsoleApp7\ConsoleApp7.csproj", "{13D2E438-9721-4790-96DA-D1B2B619D653}"
EndProject
Project("{9A19103F-16F7-4668-BE54-9A1E7A4F7556}") = "ConsoleApp8", "ConsoleApp8\ConsoleApp8.csproj", "{D1D13837-2CAD-4CF7-A8CA-358B0B301132}"
EndProject
Project("{9A19103F-16F7-4668-BE54-9A1E7A4F7556}") = "ConsoleApp9", "ConsoleApp9\ConsoleApp9.csproj", "{8CD40B57-6626-4F26-9C55-48B4C29ACB68}"
EndProject
Project("{2150E333-8FDC-42A3-9474-1A3956D46DE8}") = "Solution Items", "Solution Items", "{011FB6E7-4C6C-472A-B851-F1D5B6A14B3C}"
EndProject
Project("{9A19103F-16F7-4668-BE54-9A1E7A4F7556}") = "ConsoleApp11", "ConsoleApp11\ConsoleApp11.csproj", "{8DDEE90F-65FE-4FE9-9C81-CDB242F32F82}"
EndProject
Project("{9A19103F-16F7-4668-BE54-9A1E7A4F7556}") = "ConsoleApp12", "ConsoleApp12\ConsoleApp12.csproj", "{5C9D4D9B-4564-470C-9005-429AB1F3610E}"
EndProject
Project("{9A19103F-16F7-4668-BE54-9A1E7A4F7556}") = "ConsoleApp13", "ConsoleApp13\ConsoleApp13.csproj", "{35C35DA4-95E8-41DE-823D-979CCB17AE9B}"
EndProject
Project("{9A19103F-16F7-4668-BE54-9A1E7A4F7556}") = "ConsoleApp14", "ConsoleApp14\ConsoleApp14.csproj", "{89CA8650-8EC7-4718-ABCC-8C50F98830DF}"
EndProject
Project("{9A19103F-16F7-4668-BE54-9A1E7A4F7556}") = "ConsoleApp15", "ConsoleApp15\ConsoleApp15.csproj", "{231261B6-CA78-4FDA-B223-BE8753C72AED}"
EndProject
Project("{9A19103F-16F7-4668-BE54-9A1E7A4F7556}") = "ConsoleApp16", "ConsoleApp16\ConsoleApp16.csproj", "{59CA27EC-FBEF-4113-8321-EA7F74A3DD4C}"
EndProject
Project("{9A19103F-16F7-4668-BE54-9A1E7A4F7556}") = "ConsoleApp17", "ConsoleApp17\ConsoleApp17.csproj", "{21FAD34A-E128-4CED-A1FD-994CE44DF4EC}"
EndProject
Project("{9A19103F-16F7-4668-BE54-9A1E7A4F7556}") = "ConsoleApp18", "ConsoleApp18\ConsoleApp18.csproj", "{399BAEB9-FFE5-43DF-9629-14D7AA39AB7B}"
EndProject
Project("{9A19103F-16F7-4668-BE54-9A1E7A4F7556}") = "ConsoleApp19", "ConsoleApp19\ConsoleApp19.csproj", "{08F84A74-54FF-4F10-8824-410BAA574F7E}"
EndProject
Project("{9A19103F-16F7-4668-BE54-9A1E7A4F7556}") = "ConsoleApp20", "ConsoleApp20\ConsoleApp20.csproj", "{350469BB-BE33-4CB9-AE9E-B3D456B58F69}"
EndProject
Project("{9A19103F-16F7-4668-BE54-9A1E7A4F7556}") = "ConsoleApp21", "ConsoleApp21\ConsoleApp21.csproj", "{66647549-6336-4709-866A-407978027961}"
EndProject
Project("{9A19103F-16F7-4668-BE54-9A1E7A4F7556}") = "ConsoleApp10", "ConsoleApp10\ConsoleApp10.csproj", "{BE2AF318-CA70-4E2A-9D24-1B56DF04EA30}"
EndProject
Global
	GlobalSection(SolutionConfigurationPlatforms) = preSolution
		Debug|Any CPU = Debug|Any CPU
		Release|Any CPU = Release|Any CPU
	EndGlobalSection
	GlobalSection(ProjectConfigurationPlatforms) = postSolution
		{507BF036-C638-4A1B-8E49-64EB4AEB6467}.Debug|Any CPU.ActiveCfg = Debug|Any CPU
		{507BF036-C638-4A1B-8E49-64EB4AEB6467}.Debug|Any CPU.Build.0 = Debug|Any CPU
		{507BF036-C638-4A1B-8E49-64EB4AEB6467}.Release|Any CPU.ActiveCfg = Release|Any CPU
		{507BF036-C638-4A1B-8E49-64EB4AEB6467}.Release|Any CPU.Build.0 = Release|Any CPU
		{44468B7A-7BF2-4986-8B59-6052767AB1D0}.Debug|Any CPU.ActiveCfg = Debug|Any CPU
		{44468B7A-7BF2-4986-8B59-6052767AB1D0}.Debug|Any CPU.Build.0 = Debug|Any CPU
		{44468B7A-7BF2-4986-8B59-6052767AB1D0}.Release|Any CPU.ActiveCfg = Release|Any CPU
		{44468B7A-7BF2-4986-8B59-6052767AB1D0}.Release|Any CPU.Build.0 = Release|Any CPU
		{6712A10D-118A-4789-83F3-A074082DA46C}.Debug|Any CPU.ActiveCfg = Debug|Any CPU
		{6712A10D-118A-4789-83F3-A074082DA46C}.Debug|Any CPU.Build.0 = Debug|Any CPU
		{6712A10D-118A-4789-83F3-A074082DA46C}.Release|Any CPU.ActiveCfg = Release|Any CPU
		{6712A10D-118A-4789-83F3-A074082DA46C}.Release|Any CPU.Build.0 = Release|Any CPU
		{F3C853CD-93CA-4D5A-8C20-7C177A99A536}.Debug|Any CPU.ActiveCfg = Debug|Any CPU
		{F3C853CD-93CA-4D5A-8C20-7C177A99A536}.Debug|Any CPU.Build.0 = Debug|Any CPU
		{F3C853CD-93CA-4D5A-8C20-7C177A99A536}.Release|Any CPU.ActiveCfg = Release|Any CPU
		{F3C853CD-93CA-4D5A-8C20-7C177A99A536}.Release|Any CPU.Build.0 = Release|Any CPU
		{13284BD6-01A4-40B0-977B-06FC30D450EA}.Debug|Any CPU.ActiveCfg = Debug|Any CPU
		{13284BD6-01A4-40B0-977B-06FC30D450EA}.Debug|Any CPU.Build.0 = Debug|Any CPU
		{13284BD6-01A4-40B0-977B-06FC30D450EA}.Release|Any CPU.ActiveCfg = Release|Any CPU
		{13284BD6-01A4-40B0-977B-06FC30D450EA}.Release|Any CPU.Build.0 = Release|Any CPU
		{F6C26B29-832E-4EA1-B6F0-5DE988DA7EE5}.Debug|Any CPU.ActiveCfg = Debug|Any CPU
		{F6C26B29-832E-4EA1-B6F0-5DE988DA7EE5}.Debug|Any CPU.Build.0 = Debug|Any CPU
		{F6C26B29-832E-4EA1-B6F0-5DE988DA7EE5}.Release|Any CPU.ActiveCfg = Release|Any CPU
		{F6C26B29-832E-4EA1-B6F0-5DE988DA7EE5}.Release|Any CPU.Build.0 = Release|Any CPU
		{DCC2C4F6-477B-49BF-9E64-8BDB30FCE919}.Debug|Any CPU.ActiveCfg = Debug|Any CPU
		{DCC2C4F6-477B-49BF-9E64-8BDB30FCE919}.Debug|Any CPU.Build.0 = Debug|Any CPU
		{DCC2C4F6-477B-49BF-9E64-8BDB30FCE919}.Release|Any CPU.ActiveCfg = Release|Any CPU
		{DCC2C4F6-477B-49BF-9E64-8BDB30FCE919}.Release|Any CPU.Build.0 = Release|Any CPU
		{5F655FB1-8F0E-4CA9-831B-5DAD8505EC27}.Debug|Any CPU.ActiveCfg = Debug|Any CPU
		{5F655FB1-8F0E-4CA9-831B-5DAD8505EC27}.Debug|Any CPU.Build.0 = Debug|Any CPU
		{5F655FB1-8F0E-4CA9-831B-5DAD8505EC27}.Release|Any CPU.ActiveCfg = Release|Any CPU
		{5F655FB1-8F0E-4CA9-831B-5DAD8505EC27}.Release|Any CPU.Build.0 = Release|Any CPU
		{13D2E438-9721-4790-96DA-D1B2B619D653}.Debug|Any CPU.ActiveCfg = Debug|Any CPU
		{13D2E438-9721-4790-96DA-D1B2B619D653}.Debug|Any CPU.Build.0 = Debug|Any CPU
		{13D2E438-9721-4790-96DA-D1B2B619D653}.Release|Any CPU.ActiveCfg = Release|Any CPU
		{13D2E438-9721-4790-96DA-D1B2B619D653}.Release|Any CPU.Build.0 = Release|Any CPU
		{D1D13837-2CAD-4CF7-A8CA-358B0B301132}.Debug|Any CPU.ActiveCfg = Debug|Any CPU
		{D1D13837-2CAD-4CF7-A8CA-358B0B301132}.Debug|Any CPU.Build.0 = Debug|Any CPU
		{D1D13837-2CAD-4CF7-A8CA-358B0B301132}.Release|Any CPU.ActiveCfg = Release|Any CPU
		{D1D13837-2CAD-4CF7-A8CA-358B0B301132}.Release|Any CPU.Build.0 = Release|Any CPU
		{8CD40B57-6626-4F26-9C55-48B4C29ACB68}.Debug|Any CPU.ActiveCfg = Debug|Any CPU
		{8CD40B57-6626-4F26-9C55-48B4C29ACB68}.Debug|Any CPU.Build.0 = Debug|Any CPU
		{8CD40B57-6626-4F26-9C55-48B4C29ACB68}.Release|Any CPU.ActiveCfg = Release|Any CPU
		{8CD40B57-6626-4F26-9C55-48B4C29ACB68}.Release|Any CPU.Build.0 = Release|Any CPU
		{8DDEE90F-65FE-4FE9-9C81-CDB242F32F82}.Debug|Any CPU.ActiveCfg = Debug|Any CPU
		{8DDEE90F-65FE-4FE9-9C81-CDB242F32F82}.Debug|Any CPU.Build.0 = Debug|Any CPU
		{8DDEE90F-65FE-4FE9-9C81-CDB242F32F82}.Release|Any CPU.ActiveCfg = Release|Any CPU
		{8DDEE90F-65FE-4FE9-9C81-CDB242F32F82}.Release|Any CPU.Build.0 = Release|Any CPU
		{5C9D4D9B-4564-470C-9005-429AB1F3610E}.Debug|Any CPU.ActiveCfg = Debug|Any CPU
		{5C9D4D9B-4564-470C-9005-429AB1F3610E}.Debug|Any CPU.Build.0 = Debug|Any CPU
		{5C9D4D9B-4564-470C-9005-429AB1F3610E}.Release|Any CPU.ActiveCfg = Release|Any CPU
		{5C9D4D9B-4564-470C-9005-429AB1F3610E}.Release|Any CPU.Build.0 = Release|Any CPU
		{35C35DA4-95E8-41DE-823D-979CCB17AE9B}.Debug|Any CPU.ActiveCfg = Debug|Any CPU
		{35C35DA4-95E8-41DE-823D-979CCB17AE9B}.Debug|Any CPU.Build.0 = Debug|Any CPU
		{35C35DA4-95E8-41DE-823D-979CCB17AE9B}.Release|Any CPU.ActiveCfg = Release|Any CPU
		{35C35DA4-95E8-41DE-823D-979CCB17AE9B}.Release|Any CPU.Build.0 = Release|Any CPU
		{89CA8650-8EC7-4718-ABCC-8C50F98830DF}.Debug|Any CPU.ActiveCfg = Debug|Any CPU
		{89CA8650-8EC7-4718-ABCC-8C50F98830DF}.Debug|Any CPU.Build.0 = Debug|Any CPU
		{89CA8650-8EC7-4718-ABCC-8C50F98830DF}.Release|Any CPU.ActiveCfg = Release|Any CPU
		{89CA8650-8EC7-4718-ABCC-8C50F98830DF}.Release|Any CPU.Build.0 = Release|Any CPU
		{231261B6-CA78-4FDA-B223-BE8753C72AED}.Debug|Any CPU.ActiveCfg = Debug|Any CPU
		{231261B6-CA78-4FDA-B223-BE8753C72AED}.Debug|Any CPU.Build.0 = Debug|Any CPU
		{231261B6-CA78-4FDA-B223-BE8753C72AED}.Release|Any CPU.ActiveCfg = Release|Any CPU
		{231261B6-CA78-4FDA-B223-BE8753C72AED}.Release|Any CPU.Build.0 = Release|Any CPU
		{59CA27EC-FBEF-4113-8321-EA7F74A3DD4C}.Debug|Any CPU.ActiveCfg = Debug|Any CPU
		{59CA27EC-FBEF-4113-8321-EA7F74A3DD4C}.Debug|Any CPU.Build.0 = Debug|Any CPU
		{59CA27EC-FBEF-4113-8321-EA7F74A3DD4C}.Release|Any CPU.ActiveCfg = Release|Any CPU
		{59CA27EC-FBEF-4113-8321-EA7F74A3DD4C}.Release|Any CPU.Build.0 = Release|Any CPU
		{21FAD34A-E128-4CED-A1FD-994CE44DF4EC}.Debug|Any CPU.ActiveCfg = Debug|Any CPU
		{21FAD34A-E128-4CED-A1FD-994CE44DF4EC}.Debug|Any CPU.Build.0 = Debug|Any CPU
		{21FAD34A-E128-4CED-A1FD-994CE44DF4EC}.Release|Any CPU.ActiveCfg = Release|Any CPU
		{21FAD34A-E128-4CED-A1FD-994CE44DF4EC}.Release|Any CPU.Build.0 = Release|Any CPU
		{399BAEB9-FFE5-43DF-9629-14D7AA39AB7B}.Debug|Any CPU.ActiveCfg = Debug|Any CPU
		{399BAEB9-FFE5-43DF-9629-14D7AA39AB7B}.Debug|Any CPU.Build.0 = Debug|Any CPU
		{399BAEB9-FFE5-43DF-9629-14D7AA39AB7B}.Release|Any CPU.ActiveCfg = Release|Any CPU
		{399BAEB9-FFE5-43DF-9629-14D7AA39AB7B}.Release|Any CPU.Build.0 = Release|Any CPU
		{08F84A74-54FF-4F10-8824-410BAA574F7E}.Debug|Any CPU.ActiveCfg = Debug|Any CPU
		{08F84A74-54FF-4F10-8824-410BAA574F7E}.Debug|Any CPU.Build.0 = Debug|Any CPU
		{08F84A74-54FF-4F10-8824-410BAA574F7E}.Release|Any CPU.ActiveCfg = Release|Any CPU
		{08F84A74-54FF-4F10-8824-410BAA574F7E}.Release|Any CPU.Build.0 = Release|Any CPU
		{350469BB-BE33-4CB9-AE9E-B3D456B58F69}.Debug|Any CPU.ActiveCfg = Debug|Any CPU
		{350469BB-BE33-4CB9-AE9E-B3D456B58F69}.Debug|Any CPU.Build.0 = Debug|Any CPU
		{350469BB-BE33-4CB9-AE9E-B3D456B58F69}.Release|Any CPU.ActiveCfg = Release|Any CPU
		{350469BB-BE33-4CB9-AE9E-B3D456B58F69}.Release|Any CPU.Build.0 = Release|Any CPU
		{66647549-6336-4709-866A-407978027961}.Debug|Any CPU.ActiveCfg = Debug|Any CPU
		{66647549-6336-4709-866A-407978027961}.Debug|Any CPU.Build.0 = Debug|Any CPU
		{66647549-6336-4709-866A-407978027961}.Release|Any CPU.ActiveCfg = Release|Any CPU
		{66647549-6336-4709-866A-407978027961}.Release|Any CPU.Build.0 = Release|Any CPU
		{BE2AF318-CA70-4E2A-9D24-1B56DF04EA30}.Debug|Any CPU.ActiveCfg = Debug|Any CPU
		{BE2AF318-CA70-4E2A-9D24-1B56DF04EA30}.Debug|Any CPU.Build.0 = Debug|Any CPU
		{BE2AF318-CA70-4E2A-9D24-1B56DF04EA30}.Release|Any CPU.ActiveCfg = Release|Any CPU
		{BE2AF318-CA70-4E2A-9D24-1B56DF04EA30}.Release|Any CPU.Build.0 = Release|Any CPU
	EndGlobalSection
	GlobalSection(SolutionProperties) = preSolution
		HideSolutionNode = FALSE
	EndGlobalSection
	GlobalSection(ExtensibilityGlobals) = postSolution
		SolutionGuid = {B8A57D53-79B4-4A4A-A459-93D861E88BBE}
	EndGlobalSection
EndGlobal
